// !$*UTF8*$!
{
	archiveVersion = 1;
	classes = {
	};
	objectVersion = 56;
	objects = {

/* Begin PBXBuildFile section */
		DC2DADF02B695B6C00A21CAD /* AppDelegate.swift in Sources */ = {isa = PBXBuildFile; fileRef = DC2DADEF2B695B6C00A21CAD /* AppDelegate.swift */; };
		DC2DADF22B695B6C00A21CAD /* SceneDelegate.swift in Sources */ = {isa = PBXBuildFile; fileRef = DC2DADF12B695B6C00A21CAD /* SceneDelegate.swift */; };
		DC2DADF42B695B6C00A21CAD /* ViewController.swift in Sources */ = {isa = PBXBuildFile; fileRef = DC2DADF32B695B6C00A21CAD /* ViewController.swift */; };
		DC2DADF72B695B6C00A21CAD /* Main.storyboard in Resources */ = {isa = PBXBuildFile; fileRef = DC2DADF52B695B6C00A21CAD /* Main.storyboard */; };
		DC2DADF92B695B6C00A21CAD /* Assets.xcassets in Resources */ = {isa = PBXBuildFile; fileRef = DC2DADF82B695B6C00A21CAD /* Assets.xcassets */; };
		DC2DADFC2B695B6C00A21CAD /* LaunchScreen.storyboard in Resources */ = {isa = PBXBuildFile; fileRef = DC2DADFA2B695B6C00A21CAD /* LaunchScreen.storyboard */; };
		DC2DAE072B695B6C00A21CAD /* SimpleCalcTests.swift in Sources */ = {isa = PBXBuildFile; fileRef = DC2DAE062B695B6C00A21CAD /* SimpleCalcTests.swift */; };
		DC2DAE112B695B6D00A21CAD /* SimpleCalcUITests.swift in Sources */ = {isa = PBXBuildFile; fileRef = DC2DAE102B695B6D00A21CAD /* SimpleCalcUITests.swift */; };
		DC2DAE132B695B6D00A21CAD /* SimpleCalcUITestsLaunchTests.swift in Sources */ = {isa = PBXBuildFile; fileRef = DC2DAE122B695B6D00A21CAD /* SimpleCalcUITestsLaunchTests.swift */; };
/* End PBXBuildFile section */

/* Begin PBXContainerItemProxy section */
		DC2DAE032B695B6C00A21CAD /* PBXContainerItemProxy */ = {
			isa = PBXContainerItemProxy;
			containerPortal = DC2DADE42B695B6C00A21CAD /* Project object */;
			proxyType = 1;
			remoteGlobalIDString = DC2DADEB2B695B6C00A21CAD;
			remoteInfo = SimpleCalc;
		};
		DC2DAE0D2B695B6D00A21CAD /* PBXContainerItemProxy */ = {
			isa = PBXContainerItemProxy;
			containerPortal = DC2DADE42B695B6C00A21CAD /* Project object */;
			proxyType = 1;
			remoteGlobalIDString = DC2DADEB2B695B6C00A21CAD;
			remoteInfo = SimpleCalc;
		};
/* End PBXContainerItemProxy section */

/* Begin PBXFileReference section */
		DC2DADEC2B695B6C00A21CAD /* SimpleCalc.app */ = {isa = PBXFileReference; explicitFileType = wrapper.application; includeInIndex = 0; path = SimpleCalc.app; sourceTree = BUILT_PRODUCTS_DIR; };
		DC2DADEF2B695B6C00A21CAD /* AppDelegate.swift */ = {isa = PBXFileReference; lastKnownFileType = sourcecode.swift; path = AppDelegate.swift; sourceTree = "<group>"; };
		DC2DADF12B695B6C00A21CAD /* SceneDelegate.swift */ = {isa = PBXFileReference; lastKnownFileType = sourcecode.swift; path = SceneDelegate.swift; sourceTree = "<group>"; };
		DC2DADF32B695B6C00A21CAD /* ViewController.swift */ = {isa = PBXFileReference; lastKnownFileType = sourcecode.swift; path = ViewController.swift; sourceTree = "<group>"; };
		DC2DADF62B695B6C00A21CAD /* Base */ = {isa = PBXFileReference; lastKnownFileType = file.storyboard; name = Base; path = Base.lproj/Main.storyboard; sourceTree = "<group>"; };
		DC2DADF82B695B6C00A21CAD /* Assets.xcassets */ = {isa = PBXFileReference; lastKnownFileType = folder.assetcatalog; path = Assets.xcassets; sourceTree = "<group>"; };
		DC2DADFB2B695B6C00A21CAD /* Base */ = {isa = PBXFileReference; lastKnownFileType = file.storyboard; name = Base; path = Base.lproj/LaunchScreen.storyboard; sourceTree = "<group>"; };
		DC2DADFD2B695B6C00A21CAD /* Info.plist */ = {isa = PBXFileReference; lastKnownFileType = text.plist.xml; path = Info.plist; sourceTree = "<group>"; };
		DC2DAE022B695B6C00A21CAD /* SimpleCalcTests.xctest */ = {isa = PBXFileReference; explicitFileType = wrapper.cfbundle; includeInIndex = 0; path = SimpleCalcTests.xctest; sourceTree = BUILT_PRODUCTS_DIR; };
		DC2DAE062B695B6C00A21CAD /* SimpleCalcTests.swift */ = {isa = PBXFileReference; lastKnownFileType = sourcecode.swift; path = SimpleCalcTests.swift; sourceTree = "<group>"; };
		DC2DAE0C2B695B6D00A21CAD /* SimpleCalcUITests.xctest */ = {isa = PBXFileReference; explicitFileType = wrapper.cfbundle; includeInIndex = 0; path = SimpleCalcUITests.xctest; sourceTree = BUILT_PRODUCTS_DIR; };
		DC2DAE102B695B6D00A21CAD /* SimpleCalcUITests.swift */ = {isa = PBXFileReference; lastKnownFileType = sourcecode.swift; path = SimpleCalcUITests.swift; sourceTree = "<group>"; };
		DC2DAE122B695B6D00A21CAD /* SimpleCalcUITestsLaunchTests.swift */ = {isa = PBXFileReference; lastKnownFileType = sourcecode.swift; path = SimpleCalcUITestsLaunchTests.swift; sourceTree = "<group>"; };
/* End PBXFileReference section */

/* Begin PBXFrameworksBuildPhase section */
		DC2DADE92B695B6C00A21CAD /* Frameworks */ = {
			isa = PBXFrameworksBuildPhase;
			buildActionMask = 2147483647;
			files = (
			);
			runOnlyForDeploymentPostprocessing = 0;
		};
		DC2DADFF2B695B6C00A21CAD /* Frameworks */ = {
			isa = PBXFrameworksBuildPhase;
			buildActionMask = 2147483647;
			files = (
			);
			runOnlyForDeploymentPostprocessing = 0;
		};
		DC2DAE092B695B6D00A21CAD /* Frameworks */ = {
			isa = PBXFrameworksBuildPhase;
			buildActionMask = 2147483647;
			files = (
			);
			runOnlyForDeploymentPostprocessing = 0;
		};
/* End PBXFrameworksBuildPhase section */

/* Begin PBXGroup section */
		DC2DADE32B695B6C00A21CAD = {
			isa = PBXGroup;
			children = (
				DC2DADEE2B695B6C00A21CAD /* SimpleCalc */,
				DC2DAE052B695B6C00A21CAD /* SimpleCalcTests */,
				DC2DAE0F2B695B6D00A21CAD /* SimpleCalcUITests */,
				DC2DADED2B695B6C00A21CAD /* Products */,
			);
			sourceTree = "<group>";
		};
		DC2DADED2B695B6C00A21CAD /* Products */ = {
			isa = PBXGroup;
			children = (
				DC2DADEC2B695B6C00A21CAD /* SimpleCalc.app */,
				DC2DAE022B695B6C00A21CAD /* SimpleCalcTests.xctest */,
				DC2DAE0C2B695B6D00A21CAD /* SimpleCalcUITests.xctest */,
			);
			name = Products;
			sourceTree = "<group>";
		};
		DC2DADEE2B695B6C00A21CAD /* SimpleCalc */ = {
			isa = PBXGroup;
			children = (
				DC2DADEF2B695B6C00A21CAD /* AppDelegate.swift */,
				DC2DADF12B695B6C00A21CAD /* SceneDelegate.swift */,
				DC2DADF32B695B6C00A21CAD /* ViewController.swift */,
				DC2DADF52B695B6C00A21CAD /* Main.storyboard */,
				DC2DADF82B695B6C00A21CAD /* Assets.xcassets */,
				DC2DADFA2B695B6C00A21CAD /* LaunchScreen.storyboard */,
				DC2DADFD2B695B6C00A21CAD /* Info.plist */,
			);
			path = SimpleCalc;
			sourceTree = "<group>";
		};
		DC2DAE052B695B6C00A21CAD /* SimpleCalcTests */ = {
			isa = PBXGroup;
			children = (
				DC2DAE062B695B6C00A21CAD /* SimpleCalcTests.swift */,
			);
			path = SimpleCalcTests;
			sourceTree = "<group>";
		};
		DC2DAE0F2B695B6D00A21CAD /* SimpleCalcUITests */ = {
			isa = PBXGroup;
			children = (
				DC2DAE102B695B6D00A21CAD /* SimpleCalcUITests.swift */,
				DC2DAE122B695B6D00A21CAD /* SimpleCalcUITestsLaunchTests.swift */,
			);
			path = SimpleCalcUITests;
			sourceTree = "<group>";
		};
/* End PBXGroup section */

/* Begin PBXNativeTarget section */
		DC2DADEB2B695B6C00A21CAD /* SimpleCalc */ = {
			isa = PBXNativeTarget;
			buildConfigurationList = DC2DAE162B695B6D00A21CAD /* Build configuration list for PBXNativeTarget "SimpleCalc" */;
			buildPhases = (
				DC2DADE82B695B6C00A21CAD /* Sources */,
				DC2DADE92B695B6C00A21CAD /* Frameworks */,
				DC2DADEA2B695B6C00A21CAD /* Resources */,
			);
			buildRules = (
			);
			dependencies = (
			);
			name = SimpleCalc;
			productName = SimpleCalc;
			productReference = DC2DADEC2B695B6C00A21CAD /* SimpleCalc.app */;
			productType = "com.apple.product-type.application";
		};
		DC2DAE012B695B6C00A21CAD /* SimpleCalcTests */ = {
			isa = PBXNativeTarget;
			buildConfigurationList = DC2DAE192B695B6D00A21CAD /* Build configuration list for PBXNativeTarget "SimpleCalcTests" */;
			buildPhases = (
				DC2DADFE2B695B6C00A21CAD /* Sources */,
				DC2DADFF2B695B6C00A21CAD /* Frameworks */,
				DC2DAE002B695B6C00A21CAD /* Resources */,
			);
			buildRules = (
			);
			dependencies = (
				DC2DAE042B695B6C00A21CAD /* PBXTargetDependency */,
			);
			name = SimpleCalcTests;
			productName = SimpleCalcTests;
			productReference = DC2DAE022B695B6C00A21CAD /* SimpleCalcTests.xctest */;
			productType = "com.apple.product-type.bundle.unit-test";
		};
		DC2DAE0B2B695B6D00A21CAD /* SimpleCalcUITests */ = {
			isa = PBXNativeTarget;
			buildConfigurationList = DC2DAE1C2B695B6D00A21CAD /* Build configuration list for PBXNativeTarget "SimpleCalcUITests" */;
			buildPhases = (
				DC2DAE082B695B6D00A21CAD /* Sources */,
				DC2DAE092B695B6D00A21CAD /* Frameworks */,
				DC2DAE0A2B695B6D00A21CAD /* Resources */,
			);
			buildRules = (
			);
			dependencies = (
				DC2DAE0E2B695B6D00A21CAD /* PBXTargetDependency */,
			);
			name = SimpleCalcUITests;
			productName = SimpleCalcUITests;
			productReference = DC2DAE0C2B695B6D00A21CAD /* SimpleCalcUITests.xctest */;
			productType = "com.apple.product-type.bundle.ui-testing";
		};
/* End PBXNativeTarget section */

/* Begin PBXProject section */
		DC2DADE42B695B6C00A21CAD /* Project object */ = {
			isa = PBXProject;
			attributes = {
				BuildIndependentTargetsInParallel = 1;
				LastSwiftUpdateCheck = 1520;
				LastUpgradeCheck = 1520;
				TargetAttributes = {
					DC2DADEB2B695B6C00A21CAD = {
						CreatedOnToolsVersion = 15.2;
					};
					DC2DAE012B695B6C00A21CAD = {
						CreatedOnToolsVersion = 15.2;
						TestTargetID = DC2DADEB2B695B6C00A21CAD;
					};
					DC2DAE0B2B695B6D00A21CAD = {
						CreatedOnToolsVersion = 15.2;
						TestTargetID = DC2DADEB2B695B6C00A21CAD;
					};
				};
			};
			buildConfigurationList = DC2DADE72B695B6C00A21CAD /* Build configuration list for PBXProject "SimpleCalc" */;
			compatibilityVersion = "Xcode 14.0";
			developmentRegion = en;
			hasScannedForEncodings = 0;
			knownRegions = (
				en,
				Base,
			);
			mainGroup = DC2DADE32B695B6C00A21CAD;
			productRefGroup = DC2DADED2B695B6C00A21CAD /* Products */;
			projectDirPath = "";
			projectRoot = "";
			targets = (
				DC2DADEB2B695B6C00A21CAD /* SimpleCalc */,
				DC2DAE012B695B6C00A21CAD /* SimpleCalcTests */,
				DC2DAE0B2B695B6D00A21CAD /* SimpleCalcUITests */,
			);
		};
/* End PBXProject section */

/* Begin PBXResourcesBuildPhase section */
		DC2DADEA2B695B6C00A21CAD /* Resources */ = {
			isa = PBXResourcesBuildPhase;
			buildActionMask = 2147483647;
			files = (
				DC2DADFC2B695B6C00A21CAD /* LaunchScreen.storyboard in Resources */,
				DC2DADF92B695B6C00A21CAD /* Assets.xcassets in Resources */,
				DC2DADF72B695B6C00A21CAD /* Main.storyboard in Resources */,
			);
			runOnlyForDeploymentPostprocessing = 0;
		};
		DC2DAE002B695B6C00A21CAD /* Resources */ = {
			isa = PBXResourcesBuildPhase;
			buildActionMask = 2147483647;
			files = (
			);
			runOnlyForDeploymentPostprocessing = 0;
		};
		DC2DAE0A2B695B6D00A21CAD /* Resources */ = {
			isa = PBXResourcesBuildPhase;
			buildActionMask = 2147483647;
			files = (
			);
			runOnlyForDeploymentPostprocessing = 0;
		};
/* End PBXResourcesBuildPhase section */

/* Begin PBXSourcesBuildPhase section */
		DC2DADE82B695B6C00A21CAD /* Sources */ = {
			isa = PBXSourcesBuildPhase;
			buildActionMask = 2147483647;
			files = (
				DC2DADF42B695B6C00A21CAD /* ViewController.swift in Sources */,
				DC2DADF02B695B6C00A21CAD /* AppDelegate.swift in Sources */,
				DC2DADF22B695B6C00A21CAD /* SceneDelegate.swift in Sources */,
			);
			runOnlyForDeploymentPostprocessing = 0;
		};
		DC2DADFE2B695B6C00A21CAD /* Sources */ = {
			isa = PBXSourcesBuildPhase;
			buildActionMask = 2147483647;
			files = (
				DC2DAE072B695B6C00A21CAD /* SimpleCalcTests.swift in Sources */,
			);
			runOnlyForDeploymentPostprocessing = 0;
		};
		DC2DAE082B695B6D00A21CAD /* Sources */ = {
			isa = PBXSourcesBuildPhase;
			buildActionMask = 2147483647;
			files = (
				DC2DAE112B695B6D00A21CAD /* SimpleCalcUITests.swift in Sources */,
				DC2DAE132B695B6D00A21CAD /* SimpleCalcUITestsLaunchTests.swift in Sources */,
			);
			runOnlyForDeploymentPostprocessing = 0;
		};
/* End PBXSourcesBuildPhase section */

/* Begin PBXTargetDependency section */
		DC2DAE042B695B6C00A21CAD /* PBXTargetDependency */ = {
			isa = PBXTargetDependency;
			target = DC2DADEB2B695B6C00A21CAD /* SimpleCalc */;
			targetProxy = DC2DAE032B695B6C00A21CAD /* PBXContainerItemProxy */;
		};
		DC2DAE0E2B695B6D00A21CAD /* PBXTargetDependency */ = {
			isa = PBXTargetDependency;
			target = DC2DADEB2B695B6C00A21CAD /* SimpleCalc */;
			targetProxy = DC2DAE0D2B695B6D00A21CAD /* PBXContainerItemProxy */;
		};
/* End PBXTargetDependency section */

/* Begin PBXVariantGroup section */
		DC2DADF52B695B6C00A21CAD /* Main.storyboard */ = {
			isa = PBXVariantGroup;
			children = (
				DC2DADF62B695B6C00A21CAD /* Base */,
			);
			name = Main.storyboard;
			sourceTree = "<group>";
		};
		DC2DADFA2B695B6C00A21CAD /* LaunchScreen.storyboard */ = {
			isa = PBXVariantGroup;
			children = (
				DC2DADFB2B695B6C00A21CAD /* Base */,
			);
			name = LaunchScreen.storyboard;
			sourceTree = "<group>";
		};
/* End PBXVariantGroup section */

/* Begin XCBuildConfiguration section */
		DC2DAE142B695B6D00A21CAD /* Debug */ = {
			isa = XCBuildConfiguration;
			buildSettings = {
				ALWAYS_SEARCH_USER_PATHS = NO;
				ASSETCATALOG_COMPILER_GENERATE_SWIFT_ASSET_SYMBOL_EXTENSIONS = YES;
				CLANG_ANALYZER_NONNULL = YES;
				CLANG_ANALYZER_NUMBER_OBJECT_CONVERSION = YES_AGGRESSIVE;
				CLANG_CXX_LANGUAGE_STANDARD = "gnu++20";
				CLANG_ENABLE_MODULES = YES;
				CLANG_ENABLE_OBJC_ARC = YES;
				CLANG_ENABLE_OBJC_WEAK = YES;
				CLANG_WARN_BLOCK_CAPTURE_AUTORELEASING = YES;
				CLANG_WARN_BOOL_CONVERSION = YES;
				CLANG_WARN_COMMA = YES;
				CLANG_WARN_CONSTANT_CONVERSION = YES;
				CLANG_WARN_DEPRECATED_OBJC_IMPLEMENTATIONS = YES;
				CLANG_WARN_DIRECT_OBJC_ISA_USAGE = YES_ERROR;
				CLANG_WARN_DOCUMENTATION_COMMENTS = YES;
				CLANG_WARN_EMPTY_BODY = YES;
				CLANG_WARN_ENUM_CONVERSION = YES;
				CLANG_WARN_INFINITE_RECURSION = YES;
				CLANG_WARN_INT_CONVERSION = YES;
				CLANG_WARN_NON_LITERAL_NULL_CONVERSION = YES;
				CLANG_WARN_OBJC_IMPLICIT_RETAIN_SELF = YES;
				CLANG_WARN_OBJC_LITERAL_CONVERSION = YES;
				CLANG_WARN_OBJC_ROOT_CLASS = YES_ERROR;
				CLANG_WARN_QUOTED_INCLUDE_IN_FRAMEWORK_HEADER = YES;
				CLANG_WARN_RANGE_LOOP_ANALYSIS = YES;
				CLANG_WARN_STRICT_PROTOTYPES = YES;
				CLANG_WARN_SUSPICIOUS_MOVE = YES;
				CLANG_WARN_UNGUARDED_AVAILABILITY = YES_AGGRESSIVE;
				CLANG_WARN_UNREACHABLE_CODE = YES;
				CLANG_WARN__DUPLICATE_METHOD_MATCH = YES;
				COPY_PHASE_STRIP = NO;
				DEBUG_INFORMATION_FORMAT = dwarf;
				ENABLE_STRICT_OBJC_MSGSEND = YES;
				ENABLE_TESTABILITY = YES;
				ENABLE_USER_SCRIPT_SANDBOXING = YES;
				GCC_C_LANGUAGE_STANDARD = gnu17;
				GCC_DYNAMIC_NO_PIC = NO;
				GCC_NO_COMMON_BLOCKS = YES;
				GCC_OPTIMIZATION_LEVEL = 0;
				GCC_PREPROCESSOR_DEFINITIONS = (
					"DEBUG=1",
					"$(inherited)",
				);
				GCC_WARN_64_TO_32_BIT_CONVERSION = YES;
				GCC_WARN_ABOUT_RETURN_TYPE = YES_ERROR;
				GCC_WARN_UNDECLARED_SELECTOR = YES;
				GCC_WARN_UNINITIALIZED_AUTOS = YES_AGGRESSIVE;
				GCC_WARN_UNUSED_FUNCTION = YES;
				GCC_WARN_UNUSED_VARIABLE = YES;
				IPHONEOS_DEPLOYMENT_TARGET = 17.2;
				LOCALIZATION_PREFERS_STRING_CATALOGS = YES;
				MTL_ENABLE_DEBUG_INFO = INCLUDE_SOURCE;
				MTL_FAST_MATH = YES;
				ONLY_ACTIVE_ARCH = YES;
				SDKROOT = iphoneos;
				SWIFT_ACTIVE_COMPILATION_CONDITIONS = "DEBUG $(inherited)";
				SWIFT_OPTIMIZATION_LEVEL = "-Onone";
			};
			name = Debug;
		};
		DC2DAE152B695B6D00A21CAD /* Release */ = {
			isa = XCBuildConfiguration;
			buildSettings = {
				ALWAYS_SEARCH_USER_PATHS = NO;
				ASSETCATALOG_COMPILER_GENERATE_SWIFT_ASSET_SYMBOL_EXTENSIONS = YES;
				CLANG_ANALYZER_NONNULL = YES;
				CLANG_ANALYZER_NUMBER_OBJECT_CONVERSION = YES_AGGRESSIVE;
				CLANG_CXX_LANGUAGE_STANDARD = "gnu++20";
				CLANG_ENABLE_MODULES = YES;
				CLANG_ENABLE_OBJC_ARC = YES;
				CLANG_ENABLE_OBJC_WEAK = YES;
				CLANG_WARN_BLOCK_CAPTURE_AUTORELEASING = YES;
				CLANG_WARN_BOOL_CONVERSION = YES;
				CLANG_WARN_COMMA = YES;
				CLANG_WARN_CONSTANT_CONVERSION = YES;
				CLANG_WARN_DEPRECATED_OBJC_IMPLEMENTATIONS = YES;
				CLANG_WARN_DIRECT_OBJC_ISA_USAGE = YES_ERROR;
				CLANG_WARN_DOCUMENTATION_COMMENTS = YES;
				CLANG_WARN_EMPTY_BODY = YES;
				CLANG_WARN_ENUM_CONVERSION = YES;
				CLANG_WARN_INFINITE_RECURSION = YES;
				CLANG_WARN_INT_CONVERSION = YES;
				CLANG_WARN_NON_LITERAL_NULL_CONVERSION = YES;
				CLANG_WARN_OBJC_IMPLICIT_RETAIN_SELF = YES;
				CLANG_WARN_OBJC_LITERAL_CONVERSION = YES;
				CLANG_WARN_OBJC_ROOT_CLASS = YES_ERROR;
				CLANG_WARN_QUOTED_INCLUDE_IN_FRAMEWORK_HEADER = YES;
				CLANG_WARN_RANGE_LOOP_ANALYSIS = YES;
				CLANG_WARN_STRICT_PROTOTYPES = YES;
				CLANG_WARN_SUSPICIOUS_MOVE = YES;
				CLANG_WARN_UNGUARDED_AVAILABILITY = YES_AGGRESSIVE;
				CLANG_WARN_UNREACHABLE_CODE = YES;
				CLANG_WARN__DUPLICATE_METHOD_MATCH = YES;
				COPY_PHASE_STRIP = NO;
				DEBUG_INFORMATION_FORMAT = "dwarf-with-dsym";
				ENABLE_NS_ASSERTIONS = NO;
				ENABLE_STRICT_OBJC_MSGSEND = YES;
				ENABLE_USER_SCRIPT_SANDBOXING = YES;
				GCC_C_LANGUAGE_STANDARD = gnu17;
				GCC_NO_COMMON_BLOCKS = YES;
				GCC_WARN_64_TO_32_BIT_CONVERSION = YES;
				GCC_WARN_ABOUT_RETURN_TYPE = YES_ERROR;
				GCC_WARN_UNDECLARED_SELECTOR = YES;
				GCC_WARN_UNINITIALIZED_AUTOS = YES_AGGRESSIVE;
				GCC_WARN_UNUSED_FUNCTION = YES;
				GCC_WARN_UNUSED_VARIABLE = YES;
				IPHONEOS_DEPLOYMENT_TARGET = 17.2;
				LOCALIZATION_PREFERS_STRING_CATALOGS = YES;
				MTL_ENABLE_DEBUG_INFO = NO;
				MTL_FAST_MATH = YES;
				SDKROOT = iphoneos;
				SWIFT_COMPILATION_MODE = wholemodule;
				VALIDATE_PRODUCT = YES;
			};
			name = Release;
		};
		DC2DAE172B695B6D00A21CAD /* Debug */ = {
			isa = XCBuildConfiguration;
			buildSettings = {
				ASSETCATALOG_COMPILER_APPICON_NAME = AppIcon;
				ASSETCATALOG_COMPILER_GLOBAL_ACCENT_COLOR_NAME = AccentColor;
				CODE_SIGN_STYLE = Automatic;
				CURRENT_PROJECT_VERSION = 1;
				GENERATE_INFOPLIST_FILE = YES;
				INFOPLIST_FILE = SimpleCalc/Info.plist;
				INFOPLIST_KEY_CFBundleDisplayName = SimpleCalc;
				INFOPLIST_KEY_UIApplicationSupportsIndirectInputEvents = YES;
				INFOPLIST_KEY_UILaunchStoryboardName = LaunchScreen;
				INFOPLIST_KEY_UIMainStoryboardFile = Main;
				INFOPLIST_KEY_UISupportedInterfaceOrientations_iPad = "UIInterfaceOrientationPortrait UIInterfaceOrientationPortraitUpsideDown UIInterfaceOrientationLandscapeLeft UIInterfaceOrientationLandscapeRight";
				INFOPLIST_KEY_UISupportedInterfaceOrientations_iPhone = "UIInterfaceOrientationPortrait UIInterfaceOrientationLandscapeLeft UIInterfaceOrientationLandscapeRight";
				LD_RUNPATH_SEARCH_PATHS = (
					"$(inherited)",
					"@executable_path/Frameworks",
				);
				MARKETING_VERSION = 1.0;
				PRODUCT_BUNDLE_IDENTIFIER = nwmsu.SimpleCalc;
				PRODUCT_NAME = "$(TARGET_NAME)";
				SWIFT_EMIT_LOC_STRINGS = YES;
				SWIFT_VERSION = 5.0;
				TARGETED_DEVICE_FAMILY = "1,2";
			};
			name = Debug;
		};
		DC2DAE182B695B6D00A21CAD /* Release */ = {
			isa = XCBuildConfiguration;
			buildSettings = {
				ASSETCATALOG_COMPILER_APPICON_NAME = AppIcon;
				ASSETCATALOG_COMPILER_GLOBAL_ACCENT_COLOR_NAME = AccentColor;
				CODE_SIGN_STYLE = Automatic;
				CURRENT_PROJECT_VERSION = 1;
				GENERATE_INFOPLIST_FILE = YES;
				INFOPLIST_FILE = SimpleCalc/Info.plist;
				INFOPLIST_KEY_CFBundleDisplayName = SimpleCalc;
				INFOPLIST_KEY_UIApplicationSupportsIndirectInputEvents = YES;
				INFOPLIST_KEY_UILaunchStoryboardName = LaunchScreen;
				INFOPLIST_KEY_UIMainStoryboardFile = Main;
				INFOPLIST_KEY_UISupportedInterfaceOrientations_iPad = "UIInterfaceOrientationPortrait UIInterfaceOrientationPortraitUpsideDown UIInterfaceOrientationLandscapeLeft UIInterfaceOrientationLandscapeRight";
				INFOPLIST_KEY_UISupportedInterfaceOrientations_iPhone = "UIInterfaceOrientationPortrait UIInterfaceOrientationLandscapeLeft UIInterfaceOrientationLandscapeRight";
				LD_RUNPATH_SEARCH_PATHS = (
					"$(inherited)",
					"@executable_path/Frameworks",
				);
				MARKETING_VERSION = 1.0;
				PRODUCT_BUNDLE_IDENTIFIER = nwmsu.SimpleCalc;
				PRODUCT_NAME = "$(TARGET_NAME)";
				SWIFT_EMIT_LOC_STRINGS = YES;
				SWIFT_VERSION = 5.0;
				TARGETED_DEVICE_FAMILY = "1,2";
			};
			name = Release;
		};
		DC2DAE1A2B695B6D00A21CAD /* Debug */ = {
			isa = XCBuildConfiguration;
			buildSettings = {
				ALWAYS_EMBED_SWIFT_STANDARD_LIBRARIES = YES;
				BUNDLE_LOADER = "$(TEST_HOST)";
				CODE_SIGN_STYLE = Automatic;
				CURRENT_PROJECT_VERSION = 1;
				GENERATE_INFOPLIST_FILE = YES;
				IPHONEOS_DEPLOYMENT_TARGET = 17.2;
				MARKETING_VERSION = 1.0;
				PRODUCT_BUNDLE_IDENTIFIER = nwmsu.SimpleCalcTests;
				PRODUCT_NAME = "$(TARGET_NAME)";
				SWIFT_EMIT_LOC_STRINGS = NO;
				SWIFT_VERSION = 5.0;
				TARGETED_DEVICE_FAMILY = "1,2";
				TEST_HOST = "$(BUILT_PRODUCTS_DIR)/SimpleCalc.app/$(BUNDLE_EXECUTABLE_FOLDER_PATH)/SimpleCalc";
			};
			name = Debug;
		};
		DC2DAE1B2B695B6D00A21CAD /* Release */ = {
			isa = XCBuildConfiguration;
			buildSettings = {
				ALWAYS_EMBED_SWIFT_STANDARD_LIBRARIES = YES;
				BUNDLE_LOADER = "$(TEST_HOST)";
				CODE_SIGN_STYLE = Automatic;
				CURRENT_PROJECT_VERSION = 1;
				GENERATE_INFOPLIST_FILE = YES;
				IPHONEOS_DEPLOYMENT_TARGET = 17.2;
				MARKETING_VERSION = 1.0;
				PRODUCT_BUNDLE_IDENTIFIER = nwmsu.SimpleCalcTests;
				PRODUCT_NAME = "$(TARGET_NAME)";
				SWIFT_EMIT_LOC_STRINGS = NO;
				SWIFT_VERSION = 5.0;
				TARGETED_DEVICE_FAMILY = "1,2";
				TEST_HOST = "$(BUILT_PRODUCTS_DIR)/SimpleCalc.app/$(BUNDLE_EXECUTABLE_FOLDER_PATH)/SimpleCalc";
			};
			name = Release;
		};
		DC2DAE1D2B695B6D00A21CAD /* Debug */ = {
			isa = XCBuildConfiguration;
			buildSettings = {
				ALWAYS_EMBED_SWIFT_STANDARD_LIBRARIES = YES;
				CODE_SIGN_STYLE = Automatic;
				CURRENT_PROJECT_VERSION = 1;
				GENERATE_INFOPLIST_FILE = YES;
				MARKETING_VERSION = 1.0;
				PRODUCT_BUNDLE_IDENTIFIER = nwmsu.SimpleCalcUITests;
				PRODUCT_NAME = "$(TARGET_NAME)";
				SWIFT_EMIT_LOC_STRINGS = NO;
				SWIFT_VERSION = 5.0;
				TARGETED_DEVICE_FAMILY = "1,2";
				TEST_TARGET_NAME = SimpleCalc;
			};
			name = Debug;
		};
		DC2DAE1E2B695B6D00A21CAD /* Release */ = {
			isa = XCBuildConfiguration;
			buildSettings = {
				ALWAYS_EMBED_SWIFT_STANDARD_LIBRARIES = YES;
				CODE_SIGN_STYLE = Automatic;
				CURRENT_PROJECT_VERSION = 1;
				GENERATE_INFOPLIST_FILE = YES;
				MARKETING_VERSION = 1.0;
				PRODUCT_BUNDLE_IDENTIFIER = nwmsu.SimpleCalcUITests;
				PRODUCT_NAME = "$(TARGET_NAME)";
				SWIFT_EMIT_LOC_STRINGS = NO;
				SWIFT_VERSION = 5.0;
				TARGETED_DEVICE_FAMILY = "1,2";
				TEST_TARGET_NAME = SimpleCalc;
			};
			name = Release;
		};
/* End XCBuildConfiguration section */

/* Begin XCConfigurationList section */
		DC2DADE72B695B6C00A21CAD /* Build configuration list for PBXProject "SimpleCalc" */ = {
			isa = XCConfigurationList;
			buildConfigurations = (
				DC2DAE142B695B6D00A21CAD /* Debug */,
				DC2DAE152B695B6D00A21CAD /* Release */,
			);
			defaultConfigurationIsVisible = 0;
			defaultConfigurationName = Release;
		};
		DC2DAE162B695B6D00A21CAD /* Build configuration list for PBXNativeTarget "SimpleCalc" */ = {
			isa = XCConfigurationList;
			buildConfigurations = (
				DC2DAE172B695B6D00A21CAD /* Debug */,
				DC2DAE182B695B6D00A21CAD /* Release */,
			);
			defaultConfigurationIsVisible = 0;
			defaultConfigurationName = Release;
		};
		DC2DAE192B695B6D00A21CAD /* Build configuration list for PBXNativeTarget "SimpleCalcTests" */ = {
			isa = XCConfigurationList;
			buildConfigurations = (
				DC2DAE1A2B695B6D00A21CAD /* Debug */,
				DC2DAE1B2B695B6D00A21CAD /* Release */,
			);
			defaultConfigurationIsVisible = 0;
			defaultConfigurationName = Release;
		};
		DC2DAE1C2B695B6D00A21CAD /* Build configuration list for PBXNativeTarget "SimpleCalcUITests" */ = {
			isa = XCConfigurationList;
			buildConfigurations = (
				DC2DAE1D2B695B6D00A21CAD /* Debug */,
				DC2DAE1E2B695B6D00A21CAD /* Release */,
			);
			defaultConfigurationIsVisible = 0;
			defaultConfigurationName = Release;
		};
/* End XCConfigurationList section */
	};
	rootObject = DC2DADE42B695B6C00A21CAD /* Project object */;
}
