// !$*UTF8*$!
{
	archiveVersion = 1;
	classes = {
	};
	objectVersion = 56;
	objects = {

/* Begin PBXBuildFile section */
		DC98879F2BBDFD0A009F9C2B /* AppDelegate.swift in Sources */ = {isa = PBXBuildFile; fileRef = DC98879E2BBDFD0A009F9C2B /* AppDelegate.swift */; };
		DC9887A12BBDFD0A009F9C2B /* SceneDelegate.swift in Sources */ = {isa = PBXBuildFile; fileRef = DC9887A02BBDFD0A009F9C2B /* SceneDelegate.swift */; };
		DC9887A32BBDFD0A009F9C2B /* ViewController.swift in Sources */ = {isa = PBXBuildFile; fileRef = DC9887A22BBDFD0A009F9C2B /* ViewController.swift */; };
		DC9887A62BBDFD0A009F9C2B /* Main.storyboard in Resources */ = {isa = PBXBuildFile; fileRef = DC9887A42BBDFD0A009F9C2B /* Main.storyboard */; };
		DC9887A82BBDFD0C009F9C2B /* Assets.xcassets in Resources */ = {isa = PBXBuildFile; fileRef = DC9887A72BBDFD0C009F9C2B /* Assets.xcassets */; };
		DC9887AB2BBDFD0C009F9C2B /* LaunchScreen.storyboard in Resources */ = {isa = PBXBuildFile; fileRef = DC9887A92BBDFD0C009F9C2B /* LaunchScreen.storyboard */; };
		DC9887B62BBDFD0C009F9C2B /* Project4Tests.swift in Sources */ = {isa = PBXBuildFile; fileRef = DC9887B52BBDFD0C009F9C2B /* Project4Tests.swift */; };
		DC9887C02BBDFD0C009F9C2B /* Project4UITests.swift in Sources */ = {isa = PBXBuildFile; fileRef = DC9887BF2BBDFD0C009F9C2B /* Project4UITests.swift */; };
		DC9887C22BBDFD0C009F9C2B /* Project4UITestsLaunchTests.swift in Sources */ = {isa = PBXBuildFile; fileRef = DC9887C12BBDFD0C009F9C2B /* Project4UITestsLaunchTests.swift */; };
/* End PBXBuildFile section */

/* Begin PBXContainerItemProxy section */
		DC9887B22BBDFD0C009F9C2B /* PBXContainerItemProxy */ = {
			isa = PBXContainerItemProxy;
			containerPortal = DC9887932BBDFD0A009F9C2B /* Project object */;
			proxyType = 1;
			remoteGlobalIDString = DC98879A2BBDFD0A009F9C2B;
			remoteInfo = Project4;
		};
		DC9887BC2BBDFD0C009F9C2B /* PBXContainerItemProxy */ = {
			isa = PBXContainerItemProxy;
			containerPortal = DC9887932BBDFD0A009F9C2B /* Project object */;
			proxyType = 1;
			remoteGlobalIDString = DC98879A2BBDFD0A009F9C2B;
			remoteInfo = Project4;
		};
/* End PBXContainerItemProxy section */

/* Begin PBXFileReference section */
		DC98879B2BBDFD0A009F9C2B /* Project4.app */ = {isa = PBXFileReference; explicitFileType = wrapper.application; includeInIndex = 0; path = Project4.app; sourceTree = BUILT_PRODUCTS_DIR; };
		DC98879E2BBDFD0A009F9C2B /* AppDelegate.swift */ = {isa = PBXFileReference; lastKnownFileType = sourcecode.swift; path = AppDelegate.swift; sourceTree = "<group>"; };
		DC9887A02BBDFD0A009F9C2B /* SceneDelegate.swift */ = {isa = PBXFileReference; lastKnownFileType = sourcecode.swift; path = SceneDelegate.swift; sourceTree = "<group>"; };
		DC9887A22BBDFD0A009F9C2B /* ViewController.swift */ = {isa = PBXFileReference; lastKnownFileType = sourcecode.swift; path = ViewController.swift; sourceTree = "<group>"; };
		DC9887A52BBDFD0A009F9C2B /* Base */ = {isa = PBXFileReference; lastKnownFileType = file.storyboard; name = Base; path = Base.lproj/Main.storyboard; sourceTree = "<group>"; };
		DC9887A72BBDFD0C009F9C2B /* Assets.xcassets */ = {isa = PBXFileReference; lastKnownFileType = folder.assetcatalog; path = Assets.xcassets; sourceTree = "<group>"; };
		DC9887AA2BBDFD0C009F9C2B /* Base */ = {isa = PBXFileReference; lastKnownFileType = file.storyboard; name = Base; path = Base.lproj/LaunchScreen.storyboard; sourceTree = "<group>"; };
		DC9887AC2BBDFD0C009F9C2B /* Info.plist */ = {isa = PBXFileReference; lastKnownFileType = text.plist.xml; path = Info.plist; sourceTree = "<group>"; };
		DC9887B12BBDFD0C009F9C2B /* Project4Tests.xctest */ = {isa = PBXFileReference; explicitFileType = wrapper.cfbundle; includeInIndex = 0; path = Project4Tests.xctest; sourceTree = BUILT_PRODUCTS_DIR; };
		DC9887B52BBDFD0C009F9C2B /* Project4Tests.swift */ = {isa = PBXFileReference; lastKnownFileType = sourcecode.swift; path = Project4Tests.swift; sourceTree = "<group>"; };
		DC9887BB2BBDFD0C009F9C2B /* Project4UITests.xctest */ = {isa = PBXFileReference; explicitFileType = wrapper.cfbundle; includeInIndex = 0; path = Project4UITests.xctest; sourceTree = BUILT_PRODUCTS_DIR; };
		DC9887BF2BBDFD0C009F9C2B /* Project4UITests.swift */ = {isa = PBXFileReference; lastKnownFileType = sourcecode.swift; path = Project4UITests.swift; sourceTree = "<group>"; };
		DC9887C12BBDFD0C009F9C2B /* Project4UITestsLaunchTests.swift */ = {isa = PBXFileReference; lastKnownFileType = sourcecode.swift; path = Project4UITestsLaunchTests.swift; sourceTree = "<group>"; };
/* End PBXFileReference section */

/* Begin PBXFrameworksBuildPhase section */
		DC9887982BBDFD0A009F9C2B /* Frameworks */ = {
			isa = PBXFrameworksBuildPhase;
			buildActionMask = 2147483647;
			files = (
			);
			runOnlyForDeploymentPostprocessing = 0;
		};
		DC9887AE2BBDFD0C009F9C2B /* Frameworks */ = {
			isa = PBXFrameworksBuildPhase;
			buildActionMask = 2147483647;
			files = (
			);
			runOnlyForDeploymentPostprocessing = 0;
		};
		DC9887B82BBDFD0C009F9C2B /* Frameworks */ = {
			isa = PBXFrameworksBuildPhase;
			buildActionMask = 2147483647;
			files = (
			);
			runOnlyForDeploymentPostprocessing = 0;
		};
/* End PBXFrameworksBuildPhase section */

/* Begin PBXGroup section */
		DC9887922BBDFD0A009F9C2B = {
			isa = PBXGroup;
			children = (
				DC98879D2BBDFD0A009F9C2B /* Project4 */,
				DC9887B42BBDFD0C009F9C2B /* Project4Tests */,
				DC9887BE2BBDFD0C009F9C2B /* Project4UITests */,
				DC98879C2BBDFD0A009F9C2B /* Products */,
			);
			sourceTree = "<group>";
		};
		DC98879C2BBDFD0A009F9C2B /* Products */ = {
			isa = PBXGroup;
			children = (
				DC98879B2BBDFD0A009F9C2B /* Project4.app */,
				DC9887B12BBDFD0C009F9C2B /* Project4Tests.xctest */,
				DC9887BB2BBDFD0C009F9C2B /* Project4UITests.xctest */,
			);
			name = Products;
			sourceTree = "<group>";
		};
		DC98879D2BBDFD0A009F9C2B /* Project4 */ = {
			isa = PBXGroup;
			children = (
				DC98879E2BBDFD0A009F9C2B /* AppDelegate.swift */,
				DC9887A02BBDFD0A009F9C2B /* SceneDelegate.swift */,
				DC9887A22BBDFD0A009F9C2B /* ViewController.swift */,
				DC9887A42BBDFD0A009F9C2B /* Main.storyboard */,
				DC9887A72BBDFD0C009F9C2B /* Assets.xcassets */,
				DC9887A92BBDFD0C009F9C2B /* LaunchScreen.storyboard */,
				DC9887AC2BBDFD0C009F9C2B /* Info.plist */,
			);
			path = Project4;
			sourceTree = "<group>";
		};
		DC9887B42BBDFD0C009F9C2B /* Project4Tests */ = {
			isa = PBXGroup;
			children = (
				DC9887B52BBDFD0C009F9C2B /* Project4Tests.swift */,
			);
			path = Project4Tests;
			sourceTree = "<group>";
		};
		DC9887BE2BBDFD0C009F9C2B /* Project4UITests */ = {
			isa = PBXGroup;
			children = (
				DC9887BF2BBDFD0C009F9C2B /* Project4UITests.swift */,
				DC9887C12BBDFD0C009F9C2B /* Project4UITestsLaunchTests.swift */,
			);
			path = Project4UITests;
			sourceTree = "<group>";
		};
/* End PBXGroup section */

/* Begin PBXNativeTarget section */
		DC98879A2BBDFD0A009F9C2B /* Project4 */ = {
			isa = PBXNativeTarget;
			buildConfigurationList = DC9887C52BBDFD0C009F9C2B /* Build configuration list for PBXNativeTarget "Project4" */;
			buildPhases = (
				DC9887972BBDFD0A009F9C2B /* Sources */,
				DC9887982BBDFD0A009F9C2B /* Frameworks */,
				DC9887992BBDFD0A009F9C2B /* Resources */,
			);
			buildRules = (
			);
			dependencies = (
			);
			name = Project4;
			productName = Project4;
			productReference = DC98879B2BBDFD0A009F9C2B /* Project4.app */;
			productType = "com.apple.product-type.application";
		};
		DC9887B02BBDFD0C009F9C2B /* Project4Tests */ = {
			isa = PBXNativeTarget;
			buildConfigurationList = DC9887C82BBDFD0C009F9C2B /* Build configuration list for PBXNativeTarget "Project4Tests" */;
			buildPhases = (
				DC9887AD2BBDFD0C009F9C2B /* Sources */,
				DC9887AE2BBDFD0C009F9C2B /* Frameworks */,
				DC9887AF2BBDFD0C009F9C2B /* Resources */,
			);
			buildRules = (
			);
			dependencies = (
				DC9887B32BBDFD0C009F9C2B /* PBXTargetDependency */,
			);
			name = Project4Tests;
			productName = Project4Tests;
			productReference = DC9887B12BBDFD0C009F9C2B /* Project4Tests.xctest */;
			productType = "com.apple.product-type.bundle.unit-test";
		};
		DC9887BA2BBDFD0C009F9C2B /* Project4UITests */ = {
			isa = PBXNativeTarget;
			buildConfigurationList = DC9887CB2BBDFD0C009F9C2B /* Build configuration list for PBXNativeTarget "Project4UITests" */;
			buildPhases = (
				DC9887B72BBDFD0C009F9C2B /* Sources */,
				DC9887B82BBDFD0C009F9C2B /* Frameworks */,
				DC9887B92BBDFD0C009F9C2B /* Resources */,
			);
			buildRules = (
			);
			dependencies = (
				DC9887BD2BBDFD0C009F9C2B /* PBXTargetDependency */,
			);
			name = Project4UITests;
			productName = Project4UITests;
			productReference = DC9887BB2BBDFD0C009F9C2B /* Project4UITests.xctest */;
			productType = "com.apple.product-type.bundle.ui-testing";
		};
/* End PBXNativeTarget section */

/* Begin PBXProject section */
		DC9887932BBDFD0A009F9C2B /* Project object */ = {
			isa = PBXProject;
			attributes = {
				BuildIndependentTargetsInParallel = 1;
				LastSwiftUpdateCheck = 1520;
				LastUpgradeCheck = 1520;
				TargetAttributes = {
					DC98879A2BBDFD0A009F9C2B = {
						CreatedOnToolsVersion = 15.2;
					};
					DC9887B02BBDFD0C009F9C2B = {
						CreatedOnToolsVersion = 15.2;
						TestTargetID = DC98879A2BBDFD0A009F9C2B;
					};
					DC9887BA2BBDFD0C009F9C2B = {
						CreatedOnToolsVersion = 15.2;
						TestTargetID = DC98879A2BBDFD0A009F9C2B;
					};
				};
			};
			buildConfigurationList = DC9887962BBDFD0A009F9C2B /* Build configuration list for PBXProject "Project4" */;
			compatibilityVersion = "Xcode 14.0";
			developmentRegion = en;
			hasScannedForEncodings = 0;
			knownRegions = (
				en,
				Base,
			);
			mainGroup = DC9887922BBDFD0A009F9C2B;
			productRefGroup = DC98879C2BBDFD0A009F9C2B /* Products */;
			projectDirPath = "";
			projectRoot = "";
			targets = (
				DC98879A2BBDFD0A009F9C2B /* Project4 */,
				DC9887B02BBDFD0C009F9C2B /* Project4Tests */,
				DC9887BA2BBDFD0C009F9C2B /* Project4UITests */,
			);
		};
/* End PBXProject section */

/* Begin PBXResourcesBuildPhase section */
		DC9887992BBDFD0A009F9C2B /* Resources */ = {
			isa = PBXResourcesBuildPhase;
			buildActionMask = 2147483647;
			files = (
				DC9887AB2BBDFD0C009F9C2B /* LaunchScreen.storyboard in Resources */,
				DC9887A82BBDFD0C009F9C2B /* Assets.xcassets in Resources */,
				DC9887A62BBDFD0A009F9C2B /* Main.storyboard in Resources */,
			);
			runOnlyForDeploymentPostprocessing = 0;
		};
		DC9887AF2BBDFD0C009F9C2B /* Resources */ = {
			isa = PBXResourcesBuildPhase;
			buildActionMask = 2147483647;
			files = (
			);
			runOnlyForDeploymentPostprocessing = 0;
		};
		DC9887B92BBDFD0C009F9C2B /* Resources */ = {
			isa = PBXResourcesBuildPhase;
			buildActionMask = 2147483647;
			files = (
			);
			runOnlyForDeploymentPostprocessing = 0;
		};
/* End PBXResourcesBuildPhase section */

/* Begin PBXSourcesBuildPhase section */
		DC9887972BBDFD0A009F9C2B /* Sources */ = {
			isa = PBXSourcesBuildPhase;
			buildActionMask = 2147483647;
			files = (
				DC9887A32BBDFD0A009F9C2B /* ViewController.swift in Sources */,
				DC98879F2BBDFD0A009F9C2B /* AppDelegate.swift in Sources */,
				DC9887A12BBDFD0A009F9C2B /* SceneDelegate.swift in Sources */,
			);
			runOnlyForDeploymentPostprocessing = 0;
		};
		DC9887AD2BBDFD0C009F9C2B /* Sources */ = {
			isa = PBXSourcesBuildPhase;
			buildActionMask = 2147483647;
			files = (
				DC9887B62BBDFD0C009F9C2B /* Project4Tests.swift in Sources */,
			);
			runOnlyForDeploymentPostprocessing = 0;
		};
		DC9887B72BBDFD0C009F9C2B /* Sources */ = {
			isa = PBXSourcesBuildPhase;
			buildActionMask = 2147483647;
			files = (
				DC9887C22BBDFD0C009F9C2B /* Project4UITestsLaunchTests.swift in Sources */,
				DC9887C02BBDFD0C009F9C2B /* Project4UITests.swift in Sources */,
			);
			runOnlyForDeploymentPostprocessing = 0;
		};
/* End PBXSourcesBuildPhase section */

/* Begin PBXTargetDependency section */
		DC9887B32BBDFD0C009F9C2B /* PBXTargetDependency */ = {
			isa = PBXTargetDependency;
			target = DC98879A2BBDFD0A009F9C2B /* Project4 */;
			targetProxy = DC9887B22BBDFD0C009F9C2B /* PBXContainerItemProxy */;
		};
		DC9887BD2BBDFD0C009F9C2B /* PBXTargetDependency */ = {
			isa = PBXTargetDependency;
			target = DC98879A2BBDFD0A009F9C2B /* Project4 */;
			targetProxy = DC9887BC2BBDFD0C009F9C2B /* PBXContainerItemProxy */;
		};
/* End PBXTargetDependency section */

/* Begin PBXVariantGroup section */
		DC9887A42BBDFD0A009F9C2B /* Main.storyboard */ = {
			isa = PBXVariantGroup;
			children = (
				DC9887A52BBDFD0A009F9C2B /* Base */,
			);
			name = Main.storyboard;
			sourceTree = "<group>";
		};
		DC9887A92BBDFD0C009F9C2B /* LaunchScreen.storyboard */ = {
			isa = PBXVariantGroup;
			children = (
				DC9887AA2BBDFD0C009F9C2B /* Base */,
			);
			name = LaunchScreen.storyboard;
			sourceTree = "<group>";
		};
/* End PBXVariantGroup section */

/* Begin XCBuildConfiguration section */
		DC9887C32BBDFD0C009F9C2B /* Debug */ = {
			isa = XCBuildConfiguration;
			buildSettings = {
				ALWAYS_SEARCH_USER_PATHS = NO;
				ASSETCATALOG_COMPILER_GENERATE_SWIFT_ASSET_SYMBOL_EXTENSIONS = YES;
				CLANG_ANALYZER_NONNULL = YES;
				CLANG_ANALYZER_NUMBER_OBJECT_CONVERSION = YES_AGGRESSIVE;
				CLANG_CXX_LANGUAGE_STANDARD = "gnu++20";
				CLANG_ENABLE_MODULES = YES;
				CLANG_ENABLE_OBJC_ARC = YES;
				CLANG_ENABLE_OBJC_WEAK = YES;
				CLANG_WARN_BLOCK_CAPTURE_AUTORELEASING = YES;
				CLANG_WARN_BOOL_CONVERSION = YES;
				CLANG_WARN_COMMA = YES;
				CLANG_WARN_CONSTANT_CONVERSION = YES;
				CLANG_WARN_DEPRECATED_OBJC_IMPLEMENTATIONS = YES;
				CLANG_WARN_DIRECT_OBJC_ISA_USAGE = YES_ERROR;
				CLANG_WARN_DOCUMENTATION_COMMENTS = YES;
				CLANG_WARN_EMPTY_BODY = YES;
				CLANG_WARN_ENUM_CONVERSION = YES;
				CLANG_WARN_INFINITE_RECURSION = YES;
				CLANG_WARN_INT_CONVERSION = YES;
				CLANG_WARN_NON_LITERAL_NULL_CONVERSION = YES;
				CLANG_WARN_OBJC_IMPLICIT_RETAIN_SELF = YES;
				CLANG_WARN_OBJC_LITERAL_CONVERSION = YES;
				CLANG_WARN_OBJC_ROOT_CLASS = YES_ERROR;
				CLANG_WARN_QUOTED_INCLUDE_IN_FRAMEWORK_HEADER = YES;
				CLANG_WARN_RANGE_LOOP_ANALYSIS = YES;
				CLANG_WARN_STRICT_PROTOTYPES = YES;
				CLANG_WARN_SUSPICIOUS_MOVE = YES;
				CLANG_WARN_UNGUARDED_AVAILABILITY = YES_AGGRESSIVE;
				CLANG_WARN_UNREACHABLE_CODE = YES;
				CLANG_WARN__DUPLICATE_METHOD_MATCH = YES;
				COPY_PHASE_STRIP = NO;
				DEBUG_INFORMATION_FORMAT = dwarf;
				ENABLE_STRICT_OBJC_MSGSEND = YES;
				ENABLE_TESTABILITY = YES;
				ENABLE_USER_SCRIPT_SANDBOXING = YES;
				GCC_C_LANGUAGE_STANDARD = gnu17;
				GCC_DYNAMIC_NO_PIC = NO;
				GCC_NO_COMMON_BLOCKS = YES;
				GCC_OPTIMIZATION_LEVEL = 0;
				GCC_PREPROCESSOR_DEFINITIONS = (
					"DEBUG=1",
					"$(inherited)",
				);
				GCC_WARN_64_TO_32_BIT_CONVERSION = YES;
				GCC_WARN_ABOUT_RETURN_TYPE = YES_ERROR;
				GCC_WARN_UNDECLARED_SELECTOR = YES;
				GCC_WARN_UNINITIALIZED_AUTOS = YES_AGGRESSIVE;
				GCC_WARN_UNUSED_FUNCTION = YES;
				GCC_WARN_UNUSED_VARIABLE = YES;
				IPHONEOS_DEPLOYMENT_TARGET = 17.2;
				LOCALIZATION_PREFERS_STRING_CATALOGS = YES;
				MTL_ENABLE_DEBUG_INFO = INCLUDE_SOURCE;
				MTL_FAST_MATH = YES;
				ONLY_ACTIVE_ARCH = YES;
				SDKROOT = iphoneos;
				SWIFT_ACTIVE_COMPILATION_CONDITIONS = "DEBUG $(inherited)";
				SWIFT_OPTIMIZATION_LEVEL = "-Onone";
			};
			name = Debug;
		};
		DC9887C42BBDFD0C009F9C2B /* Release */ = {
			isa = XCBuildConfiguration;
			buildSettings = {
				ALWAYS_SEARCH_USER_PATHS = NO;
				ASSETCATALOG_COMPILER_GENERATE_SWIFT_ASSET_SYMBOL_EXTENSIONS = YES;
				CLANG_ANALYZER_NONNULL = YES;
				CLANG_ANALYZER_NUMBER_OBJECT_CONVERSION = YES_AGGRESSIVE;
				CLANG_CXX_LANGUAGE_STANDARD = "gnu++20";
				CLANG_ENABLE_MODULES = YES;
				CLANG_ENABLE_OBJC_ARC = YES;
				CLANG_ENABLE_OBJC_WEAK = YES;
				CLANG_WARN_BLOCK_CAPTURE_AUTORELEASING = YES;
				CLANG_WARN_BOOL_CONVERSION = YES;
				CLANG_WARN_COMMA = YES;
				CLANG_WARN_CONSTANT_CONVERSION = YES;
				CLANG_WARN_DEPRECATED_OBJC_IMPLEMENTATIONS = YES;
				CLANG_WARN_DIRECT_OBJC_ISA_USAGE = YES_ERROR;
				CLANG_WARN_DOCUMENTATION_COMMENTS = YES;
				CLANG_WARN_EMPTY_BODY = YES;
				CLANG_WARN_ENUM_CONVERSION = YES;
				CLANG_WARN_INFINITE_RECURSION = YES;
				CLANG_WARN_INT_CONVERSION = YES;
				CLANG_WARN_NON_LITERAL_NULL_CONVERSION = YES;
				CLANG_WARN_OBJC_IMPLICIT_RETAIN_SELF = YES;
				CLANG_WARN_OBJC_LITERAL_CONVERSION = YES;
				CLANG_WARN_OBJC_ROOT_CLASS = YES_ERROR;
				CLANG_WARN_QUOTED_INCLUDE_IN_FRAMEWORK_HEADER = YES;
				CLANG_WARN_RANGE_LOOP_ANALYSIS = YES;
				CLANG_WARN_STRICT_PROTOTYPES = YES;
				CLANG_WARN_SUSPICIOUS_MOVE = YES;
				CLANG_WARN_UNGUARDED_AVAILABILITY = YES_AGGRESSIVE;
				CLANG_WARN_UNREACHABLE_CODE = YES;
				CLANG_WARN__DUPLICATE_METHOD_MATCH = YES;
				COPY_PHASE_STRIP = NO;
				DEBUG_INFORMATION_FORMAT = "dwarf-with-dsym";
				ENABLE_NS_ASSERTIONS = NO;
				ENABLE_STRICT_OBJC_MSGSEND = YES;
				ENABLE_USER_SCRIPT_SANDBOXING = YES;
				GCC_C_LANGUAGE_STANDARD = gnu17;
				GCC_NO_COMMON_BLOCKS = YES;
				GCC_WARN_64_TO_32_BIT_CONVERSION = YES;
				GCC_WARN_ABOUT_RETURN_TYPE = YES_ERROR;
				GCC_WARN_UNDECLARED_SELECTOR = YES;
				GCC_WARN_UNINITIALIZED_AUTOS = YES_AGGRESSIVE;
				GCC_WARN_UNUSED_FUNCTION = YES;
				GCC_WARN_UNUSED_VARIABLE = YES;
				IPHONEOS_DEPLOYMENT_TARGET = 17.2;
				LOCALIZATION_PREFERS_STRING_CATALOGS = YES;
				MTL_ENABLE_DEBUG_INFO = NO;
				MTL_FAST_MATH = YES;
				SDKROOT = iphoneos;
				SWIFT_COMPILATION_MODE = wholemodule;
				VALIDATE_PRODUCT = YES;
			};
			name = Release;
		};
		DC9887C62BBDFD0C009F9C2B /* Debug */ = {
			isa = XCBuildConfiguration;
			buildSettings = {
				ASSETCATALOG_COMPILER_APPICON_NAME = AppIcon;
				ASSETCATALOG_COMPILER_GLOBAL_ACCENT_COLOR_NAME = AccentColor;
				CODE_SIGN_STYLE = Automatic;
				CURRENT_PROJECT_VERSION = 1;
				GENERATE_INFOPLIST_FILE = YES;
				INFOPLIST_FILE = Project4/Info.plist;
				INFOPLIST_KEY_CFBundleDisplayName = EasyBrowser;
				INFOPLIST_KEY_UIApplicationSupportsIndirectInputEvents = YES;
				INFOPLIST_KEY_UILaunchStoryboardName = LaunchScreen;
				INFOPLIST_KEY_UIMainStoryboardFile = Main;
				INFOPLIST_KEY_UISupportedInterfaceOrientations_iPad = "UIInterfaceOrientationPortrait UIInterfaceOrientationPortraitUpsideDown UIInterfaceOrientationLandscapeLeft UIInterfaceOrientationLandscapeRight";
				INFOPLIST_KEY_UISupportedInterfaceOrientations_iPhone = "UIInterfaceOrientationPortrait UIInterfaceOrientationLandscapeLeft UIInterfaceOrientationLandscapeRight";
				IPHONEOS_DEPLOYMENT_TARGET = 15.5;
				LD_RUNPATH_SEARCH_PATHS = (
					"$(inherited)",
					"@executable_path/Frameworks",
				);
				MARKETING_VERSION = 1.0;
				PRODUCT_BUNDLE_IDENTIFIER = nwmsu.Project4;
				PRODUCT_NAME = "$(TARGET_NAME)";
				SWIFT_EMIT_LOC_STRINGS = YES;
				SWIFT_VERSION = 5.0;
				TARGETED_DEVICE_FAMILY = "1,2";
			};
			name = Debug;
		};
		DC9887C72BBDFD0C009F9C2B /* Release */ = {
			isa = XCBuildConfiguration;
			buildSettings = {
				ASSETCATALOG_COMPILER_APPICON_NAME = AppIcon;
				ASSETCATALOG_COMPILER_GLOBAL_ACCENT_COLOR_NAME = AccentColor;
				CODE_SIGN_STYLE = Automatic;
				CURRENT_PROJECT_VERSION = 1;
				GENERATE_INFOPLIST_FILE = YES;
				INFOPLIST_FILE = Project4/Info.plist;
				INFOPLIST_KEY_CFBundleDisplayName = EasyBrowser;
				INFOPLIST_KEY_UIApplicationSupportsIndirectInputEvents = YES;
				INFOPLIST_KEY_UILaunchStoryboardName = LaunchScreen;
				INFOPLIST_KEY_UIMainStoryboardFile = Main;
				INFOPLIST_KEY_UISupportedInterfaceOrientations_iPad = "UIInterfaceOrientationPortrait UIInterfaceOrientationPortraitUpsideDown UIInterfaceOrientationLandscapeLeft UIInterfaceOrientationLandscapeRight";
				INFOPLIST_KEY_UISupportedInterfaceOrientations_iPhone = "UIInterfaceOrientationPortrait UIInterfaceOrientationLandscapeLeft UIInterfaceOrientationLandscapeRight";
				IPHONEOS_DEPLOYMENT_TARGET = 15.5;
				LD_RUNPATH_SEARCH_PATHS = (
					"$(inherited)",
					"@executable_path/Frameworks",
				);
				MARKETING_VERSION = 1.0;
				PRODUCT_BUNDLE_IDENTIFIER = nwmsu.Project4;
				PRODUCT_NAME = "$(TARGET_NAME)";
				SWIFT_EMIT_LOC_STRINGS = YES;
				SWIFT_VERSION = 5.0;
				TARGETED_DEVICE_FAMILY = "1,2";
			};
			name = Release;
		};
		DC9887C92BBDFD0C009F9C2B /* Debug */ = {
			isa = XCBuildConfiguration;
			buildSettings = {
				ALWAYS_EMBED_SWIFT_STANDARD_LIBRARIES = YES;
				BUNDLE_LOADER = "$(TEST_HOST)";
				CODE_SIGN_STYLE = Automatic;
				CURRENT_PROJECT_VERSION = 1;
				GENERATE_INFOPLIST_FILE = YES;
				IPHONEOS_DEPLOYMENT_TARGET = 17.2;
				MARKETING_VERSION = 1.0;
				PRODUCT_BUNDLE_IDENTIFIER = nwmsu.Project4Tests;
				PRODUCT_NAME = "$(TARGET_NAME)";
				SWIFT_EMIT_LOC_STRINGS = NO;
				SWIFT_VERSION = 5.0;
				TARGETED_DEVICE_FAMILY = "1,2";
				TEST_HOST = "$(BUILT_PRODUCTS_DIR)/Project4.app/$(BUNDLE_EXECUTABLE_FOLDER_PATH)/Project4";
			};
			name = Debug;
		};
		DC9887CA2BBDFD0C009F9C2B /* Release */ = {
			isa = XCBuildConfiguration;
			buildSettings = {
				ALWAYS_EMBED_SWIFT_STANDARD_LIBRARIES = YES;
				BUNDLE_LOADER = "$(TEST_HOST)";
				CODE_SIGN_STYLE = Automatic;
				CURRENT_PROJECT_VERSION = 1;
				GENERATE_INFOPLIST_FILE = YES;
				IPHONEOS_DEPLOYMENT_TARGET = 17.2;
				MARKETING_VERSION = 1.0;
				PRODUCT_BUNDLE_IDENTIFIER = nwmsu.Project4Tests;
				PRODUCT_NAME = "$(TARGET_NAME)";
				SWIFT_EMIT_LOC_STRINGS = NO;
				SWIFT_VERSION = 5.0;
				TARGETED_DEVICE_FAMILY = "1,2";
				TEST_HOST = "$(BUILT_PRODUCTS_DIR)/Project4.app/$(BUNDLE_EXECUTABLE_FOLDER_PATH)/Project4";
			};
			name = Release;
		};
		DC9887CC2BBDFD0C009F9C2B /* Debug */ = {
			isa = XCBuildConfiguration;
			buildSettings = {
				ALWAYS_EMBED_SWIFT_STANDARD_LIBRARIES = YES;
				CODE_SIGN_STYLE = Automatic;
				CURRENT_PROJECT_VERSION = 1;
				GENERATE_INFOPLIST_FILE = YES;
				MARKETING_VERSION = 1.0;
				PRODUCT_BUNDLE_IDENTIFIER = nwmsu.Project4UITests;
				PRODUCT_NAME = "$(TARGET_NAME)";
				SWIFT_EMIT_LOC_STRINGS = NO;
				SWIFT_VERSION = 5.0;
				TARGETED_DEVICE_FAMILY = "1,2";
				TEST_TARGET_NAME = Project4;
			};
			name = Debug;
		};
		DC9887CD2BBDFD0C009F9C2B /* Release */ = {
			isa = XCBuildConfiguration;
			buildSettings = {
				ALWAYS_EMBED_SWIFT_STANDARD_LIBRARIES = YES;
				CODE_SIGN_STYLE = Automatic;
				CURRENT_PROJECT_VERSION = 1;
				GENERATE_INFOPLIST_FILE = YES;
				MARKETING_VERSION = 1.0;
				PRODUCT_BUNDLE_IDENTIFIER = nwmsu.Project4UITests;
				PRODUCT_NAME = "$(TARGET_NAME)";
				SWIFT_EMIT_LOC_STRINGS = NO;
				SWIFT_VERSION = 5.0;
				TARGETED_DEVICE_FAMILY = "1,2";
				TEST_TARGET_NAME = Project4;
			};
			name = Release;
		};
/* End XCBuildConfiguration section */

/* Begin XCConfigurationList section */
		DC9887962BBDFD0A009F9C2B /* Build configuration list for PBXProject "Project4" */ = {
			isa = XCConfigurationList;
			buildConfigurations = (
				DC9887C32BBDFD0C009F9C2B /* Debug */,
				DC9887C42BBDFD0C009F9C2B /* Release */,
			);
			defaultConfigurationIsVisible = 0;
			defaultConfigurationName = Release;
		};
		DC9887C52BBDFD0C009F9C2B /* Build configuration list for PBXNativeTarget "Project4" */ = {
			isa = XCConfigurationList;
			buildConfigurations = (
				DC9887C62BBDFD0C009F9C2B /* Debug */,
				DC9887C72BBDFD0C009F9C2B /* Release */,
			);
			defaultConfigurationIsVisible = 0;
			defaultConfigurationName = Release;
		};
		DC9887C82BBDFD0C009F9C2B /* Build configuration list for PBXNativeTarget "Project4Tests" */ = {
			isa = XCConfigurationList;
			buildConfigurations = (
				DC9887C92BBDFD0C009F9C2B /* Debug */,
				DC9887CA2BBDFD0C009F9C2B /* Release */,
			);
			defaultConfigurationIsVisible = 0;
			defaultConfigurationName = Release;
		};
		DC9887CB2BBDFD0C009F9C2B /* Build configuration list for PBXNativeTarget "Project4UITests" */ = {
			isa = XCConfigurationList;
			buildConfigurations = (
				DC9887CC2BBDFD0C009F9C2B /* Debug */,
				DC9887CD2BBDFD0C009F9C2B /* Release */,
			);
			defaultConfigurationIsVisible = 0;
			defaultConfigurationName = Release;
		};
/* End XCConfigurationList section */
	};
	rootObject = DC9887932BBDFD0A009F9C2B /* Project object */;
}
